// !$*UTF8*$!
{
	archiveVersion = 1;
	classes = {
	};
	objectVersion = 56;
	objects = {

/* Begin PBXBuildFile section */
		046050A02B71D34D00BBAB3C /* AVController.swift in Sources */ = {isa = PBXBuildFile; fileRef = 0460509F2B71D34D00BBAB3C /* AVController.swift */; };
		04684DD72B7081C40016CA32 /* Extension+SwiftUI.swift in Sources */ = {isa = PBXBuildFile; fileRef = 04684DD62B7081C40016CA32 /* Extension+SwiftUI.swift */; };
		04684DDA2B708BCF0016CA32 /* AssetConstant.swift in Sources */ = {isa = PBXBuildFile; fileRef = 04684DD92B708BCF0016CA32 /* AssetConstant.swift */; };
		04684DDC2B709A200016CA32 /* Extension+UIKit.swift in Sources */ = {isa = PBXBuildFile; fileRef = 04684DDB2B709A200016CA32 /* Extension+UIKit.swift */; };
		04684DDE2B709E3D0016CA32 /* PlayerViewModel.swift in Sources */ = {isa = PBXBuildFile; fileRef = 04684DDD2B709E3D0016CA32 /* PlayerViewModel.swift */; };
		04711F022B83349100E731B3 /* TestController.swift in Sources */ = {isa = PBXBuildFile; fileRef = 04711F012B83349100E731B3 /* TestController.swift */; };
		0499D65B2B6CA23E00EEE365 /* PlayerFitnessApp.swift in Sources */ = {isa = PBXBuildFile; fileRef = 0499D65A2B6CA23E00EEE365 /* PlayerFitnessApp.swift */; };
		0499D65D2B6CA23E00EEE365 /* ContentView.swift in Sources */ = {isa = PBXBuildFile; fileRef = 0499D65C2B6CA23E00EEE365 /* ContentView.swift */; };
		0499D65F2B6CA24000EEE365 /* Assets.xcassets in Resources */ = {isa = PBXBuildFile; fileRef = 0499D65E2B6CA24000EEE365 /* Assets.xcassets */; };
		0499D6622B6CA24000EEE365 /* Preview Assets.xcassets in Resources */ = {isa = PBXBuildFile; fileRef = 0499D6612B6CA24000EEE365 /* Preview Assets.xcassets */; };
		0499D6692B6CA26D00EEE365 /* PlayerController.swift in Sources */ = {isa = PBXBuildFile; fileRef = 0499D6682B6CA26D00EEE365 /* PlayerController.swift */; };
		0499D66B2B6CA2A100EEE365 /* PlayerCoordinator.swift in Sources */ = {isa = PBXBuildFile; fileRef = 0499D66A2B6CA2A100EEE365 /* PlayerCoordinator.swift */; };
/* End PBXBuildFile section */

/* Begin PBXFileReference section */
		0460509F2B71D34D00BBAB3C /* AVController.swift */ = {isa = PBXFileReference; lastKnownFileType = sourcecode.swift; path = AVController.swift; sourceTree = "<group>"; };
		04684DD62B7081C40016CA32 /* Extension+SwiftUI.swift */ = {isa = PBXFileReference; lastKnownFileType = sourcecode.swift; path = "Extension+SwiftUI.swift"; sourceTree = "<group>"; };
		04684DD92B708BCF0016CA32 /* AssetConstant.swift */ = {isa = PBXFileReference; lastKnownFileType = sourcecode.swift; path = AssetConstant.swift; sourceTree = "<group>"; };
		04684DDB2B709A200016CA32 /* Extension+UIKit.swift */ = {isa = PBXFileReference; lastKnownFileType = sourcecode.swift; path = "Extension+UIKit.swift"; sourceTree = "<group>"; };
		04684DDD2B709E3D0016CA32 /* PlayerViewModel.swift */ = {isa = PBXFileReference; lastKnownFileType = sourcecode.swift; path = PlayerViewModel.swift; sourceTree = "<group>"; };
		04711F012B83349100E731B3 /* TestController.swift */ = {isa = PBXFileReference; lastKnownFileType = sourcecode.swift; path = TestController.swift; sourceTree = "<group>"; };
		0499D6572B6CA23E00EEE365 /* PlayerFitness.app */ = {isa = PBXFileReference; explicitFileType = wrapper.application; includeInIndex = 0; path = PlayerFitness.app; sourceTree = BUILT_PRODUCTS_DIR; };
		0499D65A2B6CA23E00EEE365 /* PlayerFitnessApp.swift */ = {isa = PBXFileReference; lastKnownFileType = sourcecode.swift; path = PlayerFitnessApp.swift; sourceTree = "<group>"; };
		0499D65C2B6CA23E00EEE365 /* ContentView.swift */ = {isa = PBXFileReference; lastKnownFileType = sourcecode.swift; path = ContentView.swift; sourceTree = "<group>"; };
		0499D65E2B6CA24000EEE365 /* Assets.xcassets */ = {isa = PBXFileReference; lastKnownFileType = folder.assetcatalog; path = Assets.xcassets; sourceTree = "<group>"; };
		0499D6612B6CA24000EEE365 /* Preview Assets.xcassets */ = {isa = PBXFileReference; lastKnownFileType = folder.assetcatalog; path = "Preview Assets.xcassets"; sourceTree = "<group>"; };
		0499D6682B6CA26D00EEE365 /* PlayerController.swift */ = {isa = PBXFileReference; lastKnownFileType = sourcecode.swift; path = PlayerController.swift; sourceTree = "<group>"; };
		0499D66A2B6CA2A100EEE365 /* PlayerCoordinator.swift */ = {isa = PBXFileReference; lastKnownFileType = sourcecode.swift; path = PlayerCoordinator.swift; sourceTree = "<group>"; };
/* End PBXFileReference section */

/* Begin PBXFrameworksBuildPhase section */
		0499D6542B6CA23E00EEE365 /* Frameworks */ = {
			isa = PBXFrameworksBuildPhase;
			buildActionMask = 2147483647;
			files = (
			);
			runOnlyForDeploymentPostprocessing = 0;
		};
/* End PBXFrameworksBuildPhase section */

/* Begin PBXGroup section */
		04684DCF2B7081040016CA32 /* Resource */ = {
			isa = PBXGroup;
			children = (
			);
			path = Resource;
			sourceTree = "<group>";
		};
		04684DD82B708BB30016CA32 /* Constant */ = {
			isa = PBXGroup;
			children = (
				04684DD92B708BCF0016CA32 /* AssetConstant.swift */,
			);
			path = Constant;
			sourceTree = "<group>";
		};
		0499D64E2B6CA23E00EEE365 = {
			isa = PBXGroup;
			children = (
				0499D6592B6CA23E00EEE365 /* PlayerFitness */,
				0499D6582B6CA23E00EEE365 /* Products */,
			);
			sourceTree = "<group>";
		};
		0499D6582B6CA23E00EEE365 /* Products */ = {
			isa = PBXGroup;
			children = (
				0499D6572B6CA23E00EEE365 /* PlayerFitness.app */,
			);
			name = Products;
			sourceTree = "<group>";
		};
		0499D6592B6CA23E00EEE365 /* PlayerFitness */ = {
			isa = PBXGroup;
			children = (
				04684DD82B708BB30016CA32 /* Constant */,
				04684DCF2B7081040016CA32 /* Resource */,
				0499D65A2B6CA23E00EEE365 /* PlayerFitnessApp.swift */,
				0499D65C2B6CA23E00EEE365 /* ContentView.swift */,
				0499D6682B6CA26D00EEE365 /* PlayerController.swift */,
				0460509F2B71D34D00BBAB3C /* AVController.swift */,
				04684DDD2B709E3D0016CA32 /* PlayerViewModel.swift */,
				0499D66A2B6CA2A100EEE365 /* PlayerCoordinator.swift */,
				04684DD62B7081C40016CA32 /* Extension+SwiftUI.swift */,
				04684DDB2B709A200016CA32 /* Extension+UIKit.swift */,
				04711F012B83349100E731B3 /* TestController.swift */,
				0499D65E2B6CA24000EEE365 /* Assets.xcassets */,
				0499D6602B6CA24000EEE365 /* Preview Content */,
			);
			path = PlayerFitness;
			sourceTree = "<group>";
		};
		0499D6602B6CA24000EEE365 /* Preview Content */ = {
			isa = PBXGroup;
			children = (
				0499D6612B6CA24000EEE365 /* Preview Assets.xcassets */,
			);
			path = "Preview Content";
			sourceTree = "<group>";
		};
/* End PBXGroup section */

/* Begin PBXNativeTarget section */
		0499D6562B6CA23E00EEE365 /* PlayerFitness */ = {
			isa = PBXNativeTarget;
			buildConfigurationList = 0499D6652B6CA24000EEE365 /* Build configuration list for PBXNativeTarget "PlayerFitness" */;
			buildPhases = (
				0499D6532B6CA23E00EEE365 /* Sources */,
				0499D6542B6CA23E00EEE365 /* Frameworks */,
				0499D6552B6CA23E00EEE365 /* Resources */,
			);
			buildRules = (
			);
			dependencies = (
			);
			name = PlayerFitness;
			productName = PlayerFitness;
			productReference = 0499D6572B6CA23E00EEE365 /* PlayerFitness.app */;
			productType = "com.apple.product-type.application";
		};
/* End PBXNativeTarget section */

/* Begin PBXProject section */
		0499D64F2B6CA23E00EEE365 /* Project object */ = {
			isa = PBXProject;
			attributes = {
				BuildIndependentTargetsInParallel = 1;
				LastSwiftUpdateCheck = 1500;
				LastUpgradeCheck = 1500;
				TargetAttributes = {
					0499D6562B6CA23E00EEE365 = {
						CreatedOnToolsVersion = 15.0.1;
					};
				};
			};
			buildConfigurationList = 0499D6522B6CA23E00EEE365 /* Build configuration list for PBXProject "PlayerFitness" */;
			compatibilityVersion = "Xcode 14.0";
			developmentRegion = en;
			hasScannedForEncodings = 0;
			knownRegions = (
				en,
				Base,
			);
			mainGroup = 0499D64E2B6CA23E00EEE365;
			productRefGroup = 0499D6582B6CA23E00EEE365 /* Products */;
			projectDirPath = "";
			projectRoot = "";
			targets = (
				0499D6562B6CA23E00EEE365 /* PlayerFitness */,
			);
		};
/* End PBXProject section */

/* Begin PBXResourcesBuildPhase section */
		0499D6552B6CA23E00EEE365 /* Resources */ = {
			isa = PBXResourcesBuildPhase;
			buildActionMask = 2147483647;
			files = (
				0499D6622B6CA24000EEE365 /* Preview Assets.xcassets in Resources */,
				0499D65F2B6CA24000EEE365 /* Assets.xcassets in Resources */,
			);
			runOnlyForDeploymentPostprocessing = 0;
		};
/* End PBXResourcesBuildPhase section */

/* Begin PBXSourcesBuildPhase section */
		0499D6532B6CA23E00EEE365 /* Sources */ = {
			isa = PBXSourcesBuildPhase;
			buildActionMask = 2147483647;
			files = (
				04684DDC2B709A200016CA32 /* Extension+UIKit.swift in Sources */,
				046050A02B71D34D00BBAB3C /* AVController.swift in Sources */,
				04684DDE2B709E3D0016CA32 /* PlayerViewModel.swift in Sources */,
				04684DD72B7081C40016CA32 /* Extension+SwiftUI.swift in Sources */,
				0499D65D2B6CA23E00EEE365 /* ContentView.swift in Sources */,
				04711F022B83349100E731B3 /* TestController.swift in Sources */,
				0499D65B2B6CA23E00EEE365 /* PlayerFitnessApp.swift in Sources */,
				0499D6692B6CA26D00EEE365 /* PlayerController.swift in Sources */,
				04684DDA2B708BCF0016CA32 /* AssetConstant.swift in Sources */,
				0499D66B2B6CA2A100EEE365 /* PlayerCoordinator.swift in Sources */,
			);
			runOnlyForDeploymentPostprocessing = 0;
		};
/* End PBXSourcesBuildPhase section */

/* Begin XCBuildConfiguration section */
		0499D6632B6CA24000EEE365 /* Debug */ = {
			isa = XCBuildConfiguration;
			buildSettings = {
				ALWAYS_SEARCH_USER_PATHS = NO;
				ASSETCATALOG_COMPILER_GENERATE_SWIFT_ASSET_SYMBOL_EXTENSIONS = YES;
				CLANG_ANALYZER_NONNULL = YES;
				CLANG_ANALYZER_NUMBER_OBJECT_CONVERSION = YES_AGGRESSIVE;
				CLANG_CXX_LANGUAGE_STANDARD = "gnu++20";
				CLANG_ENABLE_MODULES = YES;
				CLANG_ENABLE_OBJC_ARC = YES;
				CLANG_ENABLE_OBJC_WEAK = YES;
				CLANG_WARN_BLOCK_CAPTURE_AUTORELEASING = YES;
				CLANG_WARN_BOOL_CONVERSION = YES;
				CLANG_WARN_COMMA = YES;
				CLANG_WARN_CONSTANT_CONVERSION = YES;
				CLANG_WARN_DEPRECATED_OBJC_IMPLEMENTATIONS = YES;
				CLANG_WARN_DIRECT_OBJC_ISA_USAGE = YES_ERROR;
				CLANG_WARN_DOCUMENTATION_COMMENTS = YES;
				CLANG_WARN_EMPTY_BODY = YES;
				CLANG_WARN_ENUM_CONVERSION = YES;
				CLANG_WARN_INFINITE_RECURSION = YES;
				CLANG_WARN_INT_CONVERSION = YES;
				CLANG_WARN_NON_LITERAL_NULL_CONVERSION = YES;
				CLANG_WARN_OBJC_IMPLICIT_RETAIN_SELF = YES;
				CLANG_WARN_OBJC_LITERAL_CONVERSION = YES;
				CLANG_WARN_OBJC_ROOT_CLASS = YES_ERROR;
				CLANG_WARN_QUOTED_INCLUDE_IN_FRAMEWORK_HEADER = YES;
				CLANG_WARN_RANGE_LOOP_ANALYSIS = YES;
				CLANG_WARN_STRICT_PROTOTYPES = YES;
				CLANG_WARN_SUSPICIOUS_MOVE = YES;
				CLANG_WARN_UNGUARDED_AVAILABILITY = YES_AGGRESSIVE;
				CLANG_WARN_UNREACHABLE_CODE = YES;
				CLANG_WARN__DUPLICATE_METHOD_MATCH = YES;
				COPY_PHASE_STRIP = NO;
				DEBUG_INFORMATION_FORMAT = dwarf;
				ENABLE_STRICT_OBJC_MSGSEND = YES;
				ENABLE_TESTABILITY = YES;
				ENABLE_USER_SCRIPT_SANDBOXING = YES;
				GCC_C_LANGUAGE_STANDARD = gnu17;
				GCC_DYNAMIC_NO_PIC = NO;
				GCC_NO_COMMON_BLOCKS = YES;
				GCC_OPTIMIZATION_LEVEL = 0;
				GCC_PREPROCESSOR_DEFINITIONS = (
					"DEBUG=1",
					"$(inherited)",
				);
				GCC_WARN_64_TO_32_BIT_CONVERSION = YES;
				GCC_WARN_ABOUT_RETURN_TYPE = YES_ERROR;
				GCC_WARN_UNDECLARED_SELECTOR = YES;
				GCC_WARN_UNINITIALIZED_AUTOS = YES_AGGRESSIVE;
				GCC_WARN_UNUSED_FUNCTION = YES;
				GCC_WARN_UNUSED_VARIABLE = YES;
				IPHONEOS_DEPLOYMENT_TARGET = 17.0;
				LOCALIZATION_PREFERS_STRING_CATALOGS = YES;
				MTL_ENABLE_DEBUG_INFO = INCLUDE_SOURCE;
				MTL_FAST_MATH = YES;
				ONLY_ACTIVE_ARCH = YES;
				SDKROOT = iphoneos;
				SWIFT_ACTIVE_COMPILATION_CONDITIONS = "DEBUG $(inherited)";
				SWIFT_OPTIMIZATION_LEVEL = "-Onone";
			};
			name = Debug;
		};
		0499D6642B6CA24000EEE365 /* Release */ = {
			isa = XCBuildConfiguration;
			buildSettings = {
				ALWAYS_SEARCH_USER_PATHS = NO;
				ASSETCATALOG_COMPILER_GENERATE_SWIFT_ASSET_SYMBOL_EXTENSIONS = YES;
				CLANG_ANALYZER_NONNULL = YES;
				CLANG_ANALYZER_NUMBER_OBJECT_CONVERSION = YES_AGGRESSIVE;
				CLANG_CXX_LANGUAGE_STANDARD = "gnu++20";
				CLANG_ENABLE_MODULES = YES;
				CLANG_ENABLE_OBJC_ARC = YES;
				CLANG_ENABLE_OBJC_WEAK = YES;
				CLANG_WARN_BLOCK_CAPTURE_AUTORELEASING = YES;
				CLANG_WARN_BOOL_CONVERSION = YES;
				CLANG_WARN_COMMA = YES;
				CLANG_WARN_CONSTANT_CONVERSION = YES;
				CLANG_WARN_DEPRECATED_OBJC_IMPLEMENTATIONS = YES;
				CLANG_WARN_DIRECT_OBJC_ISA_USAGE = YES_ERROR;
				CLANG_WARN_DOCUMENTATION_COMMENTS = YES;
				CLANG_WARN_EMPTY_BODY = YES;
				CLANG_WARN_ENUM_CONVERSION = YES;
				CLANG_WARN_INFINITE_RECURSION = YES;
				CLANG_WARN_INT_CONVERSION = YES;
				CLANG_WARN_NON_LITERAL_NULL_CONVERSION = YES;
				CLANG_WARN_OBJC_IMPLICIT_RETAIN_SELF = YES;
				CLANG_WARN_OBJC_LITERAL_CONVERSION = YES;
				CLANG_WARN_OBJC_ROOT_CLASS = YES_ERROR;
				CLANG_WARN_QUOTED_INCLUDE_IN_FRAMEWORK_HEADER = YES;
				CLANG_WARN_RANGE_LOOP_ANALYSIS = YES;
				CLANG_WARN_STRICT_PROTOTYPES = YES;
				CLANG_WARN_SUSPICIOUS_MOVE = YES;
				CLANG_WARN_UNGUARDED_AVAILABILITY = YES_AGGRESSIVE;
				CLANG_WARN_UNREACHABLE_CODE = YES;
				CLANG_WARN__DUPLICATE_METHOD_MATCH = YES;
				COPY_PHASE_STRIP = NO;
				DEBUG_INFORMATION_FORMAT = "dwarf-with-dsym";
				ENABLE_NS_ASSERTIONS = NO;
				ENABLE_STRICT_OBJC_MSGSEND = YES;
				ENABLE_USER_SCRIPT_SANDBOXING = YES;
				GCC_C_LANGUAGE_STANDARD = gnu17;
				GCC_NO_COMMON_BLOCKS = YES;
				GCC_WARN_64_TO_32_BIT_CONVERSION = YES;
				GCC_WARN_ABOUT_RETURN_TYPE = YES_ERROR;
				GCC_WARN_UNDECLARED_SELECTOR = YES;
				GCC_WARN_UNINITIALIZED_AUTOS = YES_AGGRESSIVE;
				GCC_WARN_UNUSED_FUNCTION = YES;
				GCC_WARN_UNUSED_VARIABLE = YES;
				IPHONEOS_DEPLOYMENT_TARGET = 17.0;
				LOCALIZATION_PREFERS_STRING_CATALOGS = YES;
				MTL_ENABLE_DEBUG_INFO = NO;
				MTL_FAST_MATH = YES;
				SDKROOT = iphoneos;
				SWIFT_COMPILATION_MODE = wholemodule;
				VALIDATE_PRODUCT = YES;
			};
			name = Release;
		};
		0499D6662B6CA24000EEE365 /* Debug */ = {
			isa = XCBuildConfiguration;
			buildSettings = {
				ASSETCATALOG_COMPILER_APPICON_NAME = AppIcon;
				ASSETCATALOG_COMPILER_GLOBAL_ACCENT_COLOR_NAME = AccentColor;
				CODE_SIGN_STYLE = Automatic;
				CURRENT_PROJECT_VERSION = 1;
				DEVELOPMENT_ASSET_PATHS = "\"PlayerFitness/Preview Content\"";
				DEVELOPMENT_TEAM = AL5596JXF3;
				ENABLE_PREVIEWS = YES;
				GENERATE_INFOPLIST_FILE = YES;
				INFOPLIST_KEY_UIApplicationSceneManifest_Generation = YES;
				INFOPLIST_KEY_UIApplicationSupportsIndirectInputEvents = YES;
				INFOPLIST_KEY_UILaunchScreen_Generation = YES;
				INFOPLIST_KEY_UISupportedInterfaceOrientations = "UIInterfaceOrientationLandscapeLeft UIInterfaceOrientationLandscapeRight UIInterfaceOrientationPortrait";
				INFOPLIST_KEY_UISupportedInterfaceOrientations_iPad = "UIInterfaceOrientationLandscapeLeft UIInterfaceOrientationLandscapeRight UIInterfaceOrientationPortrait UIInterfaceOrientationPortraitUpsideDown";
				LD_RUNPATH_SEARCH_PATHS = (
					"$(inherited)",
					"@executable_path/Frameworks",
				);
				MARKETING_VERSION = 1.0;
				PRODUCT_BUNDLE_IDENTIFIER = demo.PlayerFitness;
				PRODUCT_NAME = "$(TARGET_NAME)";
				SWIFT_EMIT_LOC_STRINGS = YES;
				SWIFT_VERSION = 5.0;
				TARGETED_DEVICE_FAMILY = "1,2";
			};
			name = Debug;
		};
		0499D6672B6CA24000EEE365 /* Release */ = {
			isa = XCBuildConfiguration;
			buildSettings = {
				ASSETCATALOG_COMPILER_APPICON_NAME = AppIcon;
				ASSETCATALOG_COMPILER_GLOBAL_ACCENT_COLOR_NAME = AccentColor;
				CODE_SIGN_STYLE = Automatic;
				CURRENT_PROJECT_VERSION = 1;
				DEVELOPMENT_ASSET_PATHS = "\"PlayerFitness/Preview Content\"";
				DEVELOPMENT_TEAM = AL5596JXF3;
				ENABLE_PREVIEWS = YES;
				GENERATE_INFOPLIST_FILE = YES;
				INFOPLIST_KEY_UIApplicationSceneManifest_Generation = YES;
				INFOPLIST_KEY_UIApplicationSupportsIndirectInputEvents = YES;
				INFOPLIST_KEY_UILaunchScreen_Generation = YES;
				INFOPLIST_KEY_UISupportedInterfaceOrientations = "UIInterfaceOrientationLandscapeLeft UIInterfaceOrientationLandscapeRight UIInterfaceOrientationPortrait";
				INFOPLIST_KEY_UISupportedInterfaceOrientations_iPad = "UIInterfaceOrientationLandscapeLeft UIInterfaceOrientationLandscapeRight UIInterfaceOrientationPortrait UIInterfaceOrientationPortraitUpsideDown";
				LD_RUNPATH_SEARCH_PATHS = (
					"$(inherited)",
					"@executable_path/Frameworks",
				);
				MARKETING_VERSION = 1.0;
				PRODUCT_BUNDLE_IDENTIFIER = demo.PlayerFitness;
				PRODUCT_NAME = "$(TARGET_NAME)";
				SWIFT_EMIT_LOC_STRINGS = YES;
				SWIFT_VERSION = 5.0;
				TARGETED_DEVICE_FAMILY = "1,2";
			};
			name = Release;
		};
/* End XCBuildConfiguration section */

/* Begin XCConfigurationList section */
		0499D6522B6CA23E00EEE365 /* Build configuration list for PBXProject "PlayerFitness" */ = {
			isa = XCConfigurationList;
			buildConfigurations = (
				0499D6632B6CA24000EEE365 /* Debug */,
				0499D6642B6CA24000EEE365 /* Release */,
			);
			defaultConfigurationIsVisible = 0;
			defaultConfigurationName = Release;
		};
		0499D6652B6CA24000EEE365 /* Build configuration list for PBXNativeTarget "PlayerFitness" */ = {
			isa = XCConfigurationList;
			buildConfigurations = (
				0499D6662B6CA24000EEE365 /* Debug */,
				0499D6672B6CA24000EEE365 /* Release */,
			);
			defaultConfigurationIsVisible = 0;
			defaultConfigurationName = Release;
		};
/* End XCConfigurationList section */
	};
	rootObject = 0499D64F2B6CA23E00EEE365 /* Project object */;
}
